uuid: 5dd84924-f40f-49d2-a6c7-72eb8e8a2ab3
langcode: en
status: true
dependencies:
  config:
    - field.storage.node.field_dynamo_block
    - node.type.page
id: node.page.field_dynamo_block
field_name: field_dynamo_block
entity_type: node
bundle: page
label: 'Dynamo block'
description: ''
required: false
translatable: false
default_value: {  }
default_value_callback: ''
settings:
  handler: 'default:node'
  handler_settings: {  }
field_type: entity_reference
